{
  "name": "formation-typescript",
  "version": "1.0.0",
  "lockfileVersion": 1,
  "requires": true,
  "dependencies": {
    "systemjs": {
      "version": "6.10.2",
      "resolved": "https://registry.npmjs.org/systemjs/-/systemjs-6.10.2.tgz",
      "integrity": "sha512-PwaC0Z6Y1E6gFekY2u38EC5+5w2M65jYVrD1aAcOptpHVhCwPIwPFJvYJyryQKUyeuQ5bKKI3PBHWNjdE9aizg=="
    }
  }
}
